{
  "renv": {
    "Version": "0.7.0-37"
  },
  "R": {
    "Version": "4.0.2",
    "Repositories": [
      {
        "Name": "CRAN",
        "URL": "https://cran.rstudio.com"
      }
    ]
  },
  "Packages": {
    "ProjectTemplate": {
      "Package": "ProjectTemplate",
      "Version": "0.9.2",
      "Source": "CRAN",
      "Repository": "CRAN",
      "Hash": "9021d8190f968f858ed0d9bdf0282c9d"
    },
    "renv": {
      "Package": "renv",
      "Version": "0.7.0-37",
      "Source": "CRAN",
      "Hash": "9acfef6a7ca21114dd846ad3122b7cb1"
    }
  }
}
